
Microsoft Visual Studio Solution File, Format Version 12.00
# Visual Studio Version 16
VisualStudioVersion = 16.0.31019.35
MinimumVisualStudioVersion = 10.0.40219.1
Project("{FAE04EC0-301F-11D3-BF4B-00C04F79EFBC}") = "WPF-learning-app-2", "WPF-learning-app-2\WPF-learning-app-2.csproj", "{5BA6C9A0-8C4C-46B4-AE5A-16962BF4CBF1}"
EndProject
Global
	GlobalSection(SolutionConfigurationPlatforms) = preSolution
		Debug|Any CPU = Debug|Any CPU
		Release|Any CPU = Release|Any CPU
	EndGlobalSection
	GlobalSection(ProjectConfigurationPlatforms) = postSolution
		{5BA6C9A0-8C4C-46B4-AE5A-16962BF4CBF1}.Debug|Any CPU.ActiveCfg = Debug|Any CPU
		{5BA6C9A0-8C4C-46B4-AE5A-16962BF4CBF1}.Debug|Any CPU.Build.0 = Debug|Any CPU
		{5BA6C9A0-8C4C-46B4-AE5A-16962BF4CBF1}.Release|Any CPU.ActiveCfg = Release|Any CPU
		{5BA6C9A0-8C4C-46B4-AE5A-16962BF4CBF1}.Release|Any CPU.Build.0 = Release|Any CPU
	EndGlobalSection
	GlobalSection(SolutionProperties) = preSolution
		HideSolutionNode = FALSE
	EndGlobalSection
	GlobalSection(ExtensibilityGlobals) = postSolution
		SolutionGuid = {FFE0515F-892A-4424-93B1-D6C43E3CB39C}
	EndGlobalSection
EndGlobal
